
Microsoft Visual Studio Solution File, Format Version 12.00
# Visual Studio Version 16
VisualStudioVersion = 16.0.30517.126
MinimumVisualStudioVersion = 10.0.40219.1
Project("{9A19103F-16F7-4668-BE54-9A1E7A4F7556}") = "JeuDontOnEstLeHerosSuite", "JeuDontOnEstLeHerosSuite\JeuDontOnEstLeHerosSuite.csproj", "{EF9DB281-5CBA-4432-A95B-51054B8AA674}"
EndProject
Project("{2150E333-8FDC-42A3-9474-1A3956D46DE8}") = "Exemples", "Exemples", "{EACFB7FA-D239-47B0-AAA2-9A1B33C10B38}"
EndProject
Project("{9A19103F-16F7-4668-BE54-9A1E7A4F7556}") = "JeuDontOnEstLeHeros.Web.UI", "JeuDontOnEstLeHeros.Web.UI\JeuDontOnEstLeHeros.Web.UI.csproj", "{7A0526FE-3C30-4A87-B225-63313E1EDC3F}"
EndProject
Project("{9A19103F-16F7-4668-BE54-9A1E7A4F7556}") = "DecouverteForEach", "DecouverteForEach\DecouverteForEach.csproj", "{814246B4-2550-47F3-92BB-594802FFE492}"
EndProject
Project("{9A19103F-16F7-4668-BE54-9A1E7A4F7556}") = "JeuDontOnEstLeHeros.Core.Data", "JeuDontOnEstLeHeros.Core.Data\JeuDontOnEstLeHeros.Core.Data.csproj", "{83CE30C4-BF66-4902-B974-0D4014221286}"
EndProject
Project("{2150E333-8FDC-42A3-9474-1A3956D46DE8}") = "Libs", "Libs", "{6EE7EE8E-D89A-435D-A607-5D424E61D03C}"
EndProject
Project("{9A19103F-16F7-4668-BE54-9A1E7A4F7556}") = "JeuDontOnEstLeHeros.BackOffice.Web.UI", "JeuDontOnEstLeHeros.BackOffice.Web.UI\JeuDontOnEstLeHeros.BackOffice.Web.UI.csproj", "{9D1B5A44-CC30-4069-B445-D896C58FE1BF}"
EndProject
Project("{9A19103F-16F7-4668-BE54-9A1E7A4F7556}") = "MesPremiersTestsAvecEntitiesCodeFirst", "MesPremiersTestsAvecEntitiesCodeFirst\MesPremiersTestsAvecEntitiesCodeFirst.csproj", "{7392DFB4-4D73-46C2-8944-8762C43058E7}"
EndProject
Project("{2150E333-8FDC-42A3-9474-1A3956D46DE8}") = "Authentification", "Authentification", "{C80E3CAA-AD61-4B6C-AFA0-8203507D48EB}"
EndProject
Project("{9A19103F-16F7-4668-BE54-9A1E7A4F7556}") = "TestAutthentificationFacebook", "TestAutthentificationFacebook\TestAutthentificationFacebook.csproj", "{7FB90677-0D09-4972-898B-CCA71518BE93}"
EndProject
Project("{FAE04EC0-301F-11D3-BF4B-00C04F79EFBC}") = "DécouverteValidateur", "DécouverteValidateur\DécouverteValidateur.csproj", "{BF4447E6-BAB7-4284-AC60-3689354860D9}"
EndProject
Project("{FAE04EC0-301F-11D3-BF4B-00C04F79EFBC}") = "ExempleJedis", "ExempleJedis\ExempleJedis.csproj", "{5742F448-095F-464E-B586-955BF84CA225}"
EndProject
Project("{FAE04EC0-301F-11D3-BF4B-00C04F79EFBC}") = "TestJeuDroides", "TestJeuDroides\TestJeuDroides.csproj", "{61B1A49B-ACB3-483E-87AE-0588C854CC95}"
EndProject
Project("{2150E333-8FDC-42A3-9474-1A3956D46DE8}") = "Tests unitaires", "Tests unitaires", "{C558117B-6294-4B1C-9C05-2CAC8C217779}"
EndProject
Project("{FAE04EC0-301F-11D3-BF4B-00C04F79EFBC}") = "TestWebUI", "TestWebUI\TestWebUI.csproj", "{3890AC1C-68DD-4DB9-BAE9-07D3D3A806AC}"
EndProject
Project("{FAE04EC0-301F-11D3-BF4B-00C04F79EFBC}") = "DecouverteSession", "DecouverteSession\DecouverteSession.csproj", "{32C8EA8E-3D7C-4B6F-8F32-B5492B083B0B}"
EndProject
Global
	GlobalSection(SolutionConfigurationPlatforms) = preSolution
		Debug|Any CPU = Debug|Any CPU
		Release|Any CPU = Release|Any CPU
	EndGlobalSection
	GlobalSection(ProjectConfigurationPlatforms) = postSolution
		{EF9DB281-5CBA-4432-A95B-51054B8AA674}.Debug|Any CPU.ActiveCfg = Debug|Any CPU
		{EF9DB281-5CBA-4432-A95B-51054B8AA674}.Debug|Any CPU.Build.0 = Debug|Any CPU
		{EF9DB281-5CBA-4432-A95B-51054B8AA674}.Release|Any CPU.ActiveCfg = Release|Any CPU
		{EF9DB281-5CBA-4432-A95B-51054B8AA674}.Release|Any CPU.Build.0 = Release|Any CPU
		{7A0526FE-3C30-4A87-B225-63313E1EDC3F}.Debug|Any CPU.ActiveCfg = Debug|Any CPU
		{7A0526FE-3C30-4A87-B225-63313E1EDC3F}.Debug|Any CPU.Build.0 = Debug|Any CPU
		{7A0526FE-3C30-4A87-B225-63313E1EDC3F}.Release|Any CPU.ActiveCfg = Release|Any CPU
		{7A0526FE-3C30-4A87-B225-63313E1EDC3F}.Release|Any CPU.Build.0 = Release|Any CPU
		{814246B4-2550-47F3-92BB-594802FFE492}.Debug|Any CPU.ActiveCfg = Debug|Any CPU
		{814246B4-2550-47F3-92BB-594802FFE492}.Debug|Any CPU.Build.0 = Debug|Any CPU
		{814246B4-2550-47F3-92BB-594802FFE492}.Release|Any CPU.ActiveCfg = Release|Any CPU
		{814246B4-2550-47F3-92BB-594802FFE492}.Release|Any CPU.Build.0 = Release|Any CPU
		{83CE30C4-BF66-4902-B974-0D4014221286}.Debug|Any CPU.ActiveCfg = Debug|Any CPU
		{83CE30C4-BF66-4902-B974-0D4014221286}.Debug|Any CPU.Build.0 = Debug|Any CPU
		{83CE30C4-BF66-4902-B974-0D4014221286}.Release|Any CPU.ActiveCfg = Release|Any CPU
		{83CE30C4-BF66-4902-B974-0D4014221286}.Release|Any CPU.Build.0 = Release|Any CPU
		{9D1B5A44-CC30-4069-B445-D896C58FE1BF}.Debug|Any CPU.ActiveCfg = Debug|Any CPU
		{9D1B5A44-CC30-4069-B445-D896C58FE1BF}.Debug|Any CPU.Build.0 = Debug|Any CPU
		{9D1B5A44-CC30-4069-B445-D896C58FE1BF}.Release|Any CPU.ActiveCfg = Release|Any CPU
		{9D1B5A44-CC30-4069-B445-D896C58FE1BF}.Release|Any CPU.Build.0 = Release|Any CPU
		{7392DFB4-4D73-46C2-8944-8762C43058E7}.Debug|Any CPU.ActiveCfg = Debug|Any CPU
		{7392DFB4-4D73-46C2-8944-8762C43058E7}.Debug|Any CPU.Build.0 = Debug|Any CPU
		{7392DFB4-4D73-46C2-8944-8762C43058E7}.Release|Any CPU.ActiveCfg = Release|Any CPU
		{7392DFB4-4D73-46C2-8944-8762C43058E7}.Release|Any CPU.Build.0 = Release|Any CPU
		{7FB90677-0D09-4972-898B-CCA71518BE93}.Debug|Any CPU.ActiveCfg = Debug|Any CPU
		{7FB90677-0D09-4972-898B-CCA71518BE93}.Debug|Any CPU.Build.0 = Debug|Any CPU
		{7FB90677-0D09-4972-898B-CCA71518BE93}.Release|Any CPU.ActiveCfg = Release|Any CPU
		{7FB90677-0D09-4972-898B-CCA71518BE93}.Release|Any CPU.Build.0 = Release|Any CPU
		{BF4447E6-BAB7-4284-AC60-3689354860D9}.Debug|Any CPU.ActiveCfg = Debug|Any CPU
		{BF4447E6-BAB7-4284-AC60-3689354860D9}.Debug|Any CPU.Build.0 = Debug|Any CPU
		{BF4447E6-BAB7-4284-AC60-3689354860D9}.Release|Any CPU.ActiveCfg = Release|Any CPU
		{BF4447E6-BAB7-4284-AC60-3689354860D9}.Release|Any CPU.Build.0 = Release|Any CPU
		{5742F448-095F-464E-B586-955BF84CA225}.Debug|Any CPU.ActiveCfg = Debug|Any CPU
		{5742F448-095F-464E-B586-955BF84CA225}.Debug|Any CPU.Build.0 = Debug|Any CPU
		{5742F448-095F-464E-B586-955BF84CA225}.Release|Any CPU.ActiveCfg = Release|Any CPU
		{5742F448-095F-464E-B586-955BF84CA225}.Release|Any CPU.Build.0 = Release|Any CPU
		{61B1A49B-ACB3-483E-87AE-0588C854CC95}.Debug|Any CPU.ActiveCfg = Debug|Any CPU
		{61B1A49B-ACB3-483E-87AE-0588C854CC95}.Debug|Any CPU.Build.0 = Debug|Any CPU
		{61B1A49B-ACB3-483E-87AE-0588C854CC95}.Release|Any CPU.ActiveCfg = Release|Any CPU
		{61B1A49B-ACB3-483E-87AE-0588C854CC95}.Release|Any CPU.Build.0 = Release|Any CPU
		{3890AC1C-68DD-4DB9-BAE9-07D3D3A806AC}.Debug|Any CPU.ActiveCfg = Debug|Any CPU
		{3890AC1C-68DD-4DB9-BAE9-07D3D3A806AC}.Debug|Any CPU.Build.0 = Debug|Any CPU
		{3890AC1C-68DD-4DB9-BAE9-07D3D3A806AC}.Release|Any CPU.ActiveCfg = Release|Any CPU
		{3890AC1C-68DD-4DB9-BAE9-07D3D3A806AC}.Release|Any CPU.Build.0 = Release|Any CPU
		{32C8EA8E-3D7C-4B6F-8F32-B5492B083B0B}.Debug|Any CPU.ActiveCfg = Debug|Any CPU
		{32C8EA8E-3D7C-4B6F-8F32-B5492B083B0B}.Debug|Any CPU.Build.0 = Debug|Any CPU
		{32C8EA8E-3D7C-4B6F-8F32-B5492B083B0B}.Release|Any CPU.ActiveCfg = Release|Any CPU
		{32C8EA8E-3D7C-4B6F-8F32-B5492B083B0B}.Release|Any CPU.Build.0 = Release|Any CPU
	EndGlobalSection
	GlobalSection(SolutionProperties) = preSolution
		HideSolutionNode = FALSE
	EndGlobalSection
	GlobalSection(NestedProjects) = preSolution
		{EF9DB281-5CBA-4432-A95B-51054B8AA674} = {EACFB7FA-D239-47B0-AAA2-9A1B33C10B38}
		{814246B4-2550-47F3-92BB-594802FFE492} = {EACFB7FA-D239-47B0-AAA2-9A1B33C10B38}
		{83CE30C4-BF66-4902-B974-0D4014221286} = {6EE7EE8E-D89A-435D-A607-5D424E61D03C}
		{7392DFB4-4D73-46C2-8944-8762C43058E7} = {EACFB7FA-D239-47B0-AAA2-9A1B33C10B38}
		{C80E3CAA-AD61-4B6C-AFA0-8203507D48EB} = {EACFB7FA-D239-47B0-AAA2-9A1B33C10B38}
		{7FB90677-0D09-4972-898B-CCA71518BE93} = {C80E3CAA-AD61-4B6C-AFA0-8203507D48EB}
		{BF4447E6-BAB7-4284-AC60-3689354860D9} = {EACFB7FA-D239-47B0-AAA2-9A1B33C10B38}
		{5742F448-095F-464E-B586-955BF84CA225} = {EACFB7FA-D239-47B0-AAA2-9A1B33C10B38}
		{61B1A49B-ACB3-483E-87AE-0588C854CC95} = {EACFB7FA-D239-47B0-AAA2-9A1B33C10B38}
		{3890AC1C-68DD-4DB9-BAE9-07D3D3A806AC} = {C558117B-6294-4B1C-9C05-2CAC8C217779}
		{32C8EA8E-3D7C-4B6F-8F32-B5492B083B0B} = {EACFB7FA-D239-47B0-AAA2-9A1B33C10B38}
	EndGlobalSection
	GlobalSection(ExtensibilityGlobals) = postSolution
		SolutionGuid = {C15D6767-EF3D-45B2-B19A-306E067A4878}
	EndGlobalSection
EndGlobal
